
Microsoft Visual Studio Solution File, Format Version 12.00
# Visual Studio Version 17
VisualStudioVersion = 17.7.34031.279
MinimumVisualStudioVersion = 10.0.40219.1
Project("{9A19103F-16F7-4668-BE54-9A1E7A4F7556}") = "WebApplicationAlunos", "WebApplicationAlunos.csproj", "{2FB7D4F2-0875-4E8C-93AC-FE84C257C113}"
EndProject
Project("{2150E333-8FDC-42A3-9474-1A3956D46DE8}") = "ApiWeb", "ApiWeb", "{1DED357D-EFA0-4A7A-B166-5952792A0BB5}"
EndProject
Global
	GlobalSection(SolutionConfigurationPlatforms) = preSolution
		Debug|Any CPU = Debug|Any CPU
		Release|Any CPU = Release|Any CPU
	EndGlobalSection
	GlobalSection(ProjectConfigurationPlatforms) = postSolution
		{2FB7D4F2-0875-4E8C-93AC-FE84C257C113}.Debug|Any CPU.ActiveCfg = Debug|Any CPU
		{2FB7D4F2-0875-4E8C-93AC-FE84C257C113}.Debug|Any CPU.Build.0 = Debug|Any CPU
		{2FB7D4F2-0875-4E8C-93AC-FE84C257C113}.Release|Any CPU.ActiveCfg = Release|Any CPU
		{2FB7D4F2-0875-4E8C-93AC-FE84C257C113}.Release|Any CPU.Build.0 = Release|Any CPU
	EndGlobalSection
	GlobalSection(SolutionProperties) = preSolution
		HideSolutionNode = FALSE
	EndGlobalSection
	GlobalSection(NestedProjects) = preSolution
		{2FB7D4F2-0875-4E8C-93AC-FE84C257C113} = {1DED357D-EFA0-4A7A-B166-5952792A0BB5}
	EndGlobalSection
	GlobalSection(ExtensibilityGlobals) = postSolution
		SolutionGuid = {99270D6D-4894-4897-9798-5F16344B1E2C}
	EndGlobalSection
EndGlobal
